
Microsoft Visual Studio Solution File, Format Version 12.00
# Visual Studio 15
VisualStudioVersion = 15.0.27428.2005
MinimumVisualStudioVersion = 10.0.40219.1
Project("{8BC9CEB8-8B4A-11D0-8D11-00A0C91BC942}") = "PCA9685VS", "PCA9685VS\PCA9685VS.vcxproj", "{E79AC5B0-88B4-4924-806E-B95D9CA05CBA}"
EndProject
Global
	GlobalSection(SolutionConfigurationPlatforms) = preSolution
		Debug|ARM = Debug|ARM
		Debug|x64 = Debug|x64
		Debug|x86 = Debug|x86
		Release|ARM = Release|ARM
		Release|x64 = Release|x64
		Release|x86 = Release|x86
	EndGlobalSection
	GlobalSection(ProjectConfigurationPlatforms) = postSolution
		{E79AC5B0-88B4-4924-806E-B95D9CA05CBA}.Debug|ARM.ActiveCfg = Debug|ARM
		{E79AC5B0-88B4-4924-806E-B95D9CA05CBA}.Debug|ARM.Build.0 = Debug|ARM
		{E79AC5B0-88B4-4924-806E-B95D9CA05CBA}.Debug|x64.ActiveCfg = Debug|x64
		{E79AC5B0-88B4-4924-806E-B95D9CA05CBA}.Debug|x64.Build.0 = Debug|x64
		{E79AC5B0-88B4-4924-806E-B95D9CA05CBA}.Debug|x86.ActiveCfg = Debug|x86
		{E79AC5B0-88B4-4924-806E-B95D9CA05CBA}.Debug|x86.Build.0 = Debug|x86
		{E79AC5B0-88B4-4924-806E-B95D9CA05CBA}.Release|ARM.ActiveCfg = Release|ARM
		{E79AC5B0-88B4-4924-806E-B95D9CA05CBA}.Release|ARM.Build.0 = Release|ARM
		{E79AC5B0-88B4-4924-806E-B95D9CA05CBA}.Release|x64.ActiveCfg = Release|x64
		{E79AC5B0-88B4-4924-806E-B95D9CA05CBA}.Release|x64.Build.0 = Release|x64
		{E79AC5B0-88B4-4924-806E-B95D9CA05CBA}.Release|x86.ActiveCfg = Release|x86
		{E79AC5B0-88B4-4924-806E-B95D9CA05CBA}.Release|x86.Build.0 = Release|x86
	EndGlobalSection
	GlobalSection(SolutionProperties) = preSolution
		HideSolutionNode = FALSE
	EndGlobalSection
	GlobalSection(ExtensibilityGlobals) = postSolution
		SolutionGuid = {846BA17E-69F7-4636-B86F-155F1E343CA5}
	EndGlobalSection
EndGlobal
